
Microsoft Visual Studio Solution File, Format Version 12.00
# Visual Studio Version 17
VisualStudioVersion = 17.5.002.0
MinimumVisualStudioVersion = 10.0.40219.1
Project("{9A19103F-16F7-4668-BE54-9A1E7A4F7556}") = "LanguageBot", "LanguageBot.csproj", "{0892FEF6-1CDB-4CEA-8C14-46A0BA938FE2}"
EndProject
Global
	GlobalSection(SolutionConfigurationPlatforms) = preSolution
		Debug|Any CPU = Debug|Any CPU
		Release|Any CPU = Release|Any CPU
	EndGlobalSection
	GlobalSection(ProjectConfigurationPlatforms) = postSolution
		{0892FEF6-1CDB-4CEA-8C14-46A0BA938FE2}.Debug|Any CPU.ActiveCfg = Debug|Any CPU
		{0892FEF6-1CDB-4CEA-8C14-46A0BA938FE2}.Debug|Any CPU.Build.0 = Debug|Any CPU
		{0892FEF6-1CDB-4CEA-8C14-46A0BA938FE2}.Release|Any CPU.ActiveCfg = Release|Any CPU
		{0892FEF6-1CDB-4CEA-8C14-46A0BA938FE2}.Release|Any CPU.Build.0 = Release|Any CPU
	EndGlobalSection
	GlobalSection(SolutionProperties) = preSolution
		HideSolutionNode = FALSE
	EndGlobalSection
	GlobalSection(ExtensibilityGlobals) = postSolution
		SolutionGuid = {6DA64FAF-17F5-4DC3-AD43-C3E48DD31593}
	EndGlobalSection
EndGlobal
